# THIS IS AN AUTOGENERATED FILE. DO NOT EDIT THIS FILE DIRECTLY.
# yarn lockfile v1


lz-component@^0.0.1:
  version "0.0.1"
  resolved "https://registry.yarnpkg.com/lz-component/-/lz-component-0.0.1.tgz#363bda072b8804b24b0c73d662e91d92f1027709"
  integrity sha512-feEF0Ebn96TRZMnArwfsovNoJyCDpiFxQG5HQ0vrgs6aBN+9rZ2IZHktxqzI3k+9UvTaDgKZRw9NjFsmCPvG9A==
